Microsoft Visual Studio Solution File, Format Version 11.00
# Visual Studio 2008

Project("{45B5C7DC-C5A0-5FA2-00D9-99E2CB70C7CF}") = "TAGD2014", "Assembly-CSharp.csproj", "{C3166873-CDCF-3901-FF16-55A67A632E47}"
EndProject
Global
	GlobalSection(SolutionConfigurationPlatforms) = preSolution
		Debug|Any CPU = Debug|Any CPU
		Release|Any CPU = Release|Any CPU
	EndGlobalSection
	GlobalSection(ProjectConfigurationPlatforms) = postSolution
		{C3166873-CDCF-3901-FF16-55A67A632E47}.Debug|Any CPU.ActiveCfg = Debug|Any CPU
		{C3166873-CDCF-3901-FF16-55A67A632E47}.Debug|Any CPU.Build.0 = Debug|Any CPU
		{C3166873-CDCF-3901-FF16-55A67A632E47}.Release|Any CPU.ActiveCfg = Release|Any CPU
		{C3166873-CDCF-3901-FF16-55A67A632E47}.Release|Any CPU.Build.0 = Release|Any CPU
	EndGlobalSection
	GlobalSection(SolutionProperties) = preSolution
		HideSolutionNode = FALSE
	EndGlobalSection
		GlobalSection(MonoDevelopProperties) = preSolution
		StartupItem = Assembly-CSharp.csproj
		Policies = $0
		$0.TextStylePolicy = $1
		$1.inheritsSet = null
		$1.scope = text/x-csharp
		$0.CSharpFormattingPolicy = $2
		$2.inheritsSet = Mono
		$2.inheritsScope = text/x-csharp
		$2.scope = text/x-csharp
		$0.TextStylePolicy = $3
		$3.FileWidth = 120
		$3.TabWidth = 4
		$3.EolMarker = Unix
		$3.inheritsSet = Mono
		$3.inheritsScope = text/plain
		$3.scope = text/plain
	EndGlobalSection

EndGlobal
